PODS:
  - IQKeyboardManagerSwift (6.1.1)
  - RSFormView (0.1.0):
    - IQKeyboardManagerSwift (~> 6.1.1)

DEPENDENCIES:
  - IQKeyboardManagerSwift (~> 6.1.1)
  - RSFormView (from `../`)

SPEC REPOS:
  https://github.com/cocoapods/specs.git:
    - IQKeyboardManagerSwift

EXTERNAL SOURCES:
  RSFormView:
    :path: "../"

SPEC CHECKSUMS:
  IQKeyboardManagerSwift: 977affaeb4d6e971975c7790a6850f31d38f1207
  RSFormView: a9668de22208c8bd08bb34719f35543bae30d495

PODFILE CHECKSUM: 6ea732a70ec6ad9677c5bb5f9179648feda19e85

COCOAPODS: 1.5.3
