PODS:
  - IQKeyboardManagerSwift (6.2.1)

DEPENDENCIES:
  - IQKeyboardManagerSwift

SPEC REPOS:
  https://github.com/cocoapods/specs.git:
    - IQKeyboardManagerSwift

SPEC CHECKSUMS:
  IQKeyboardManagerSwift: 0f0ae8935360b4003e6ea1ac7c19898f01e2f7c7

PODFILE CHECKSUM: 6bf86d16391d3c1f80e49e04ec84f02708ed7999

COCOAPODS: 1.5.3
